
Microsoft Visual Studio Solution File, Format Version 12.00
# Visual Studio Express 2012 for Windows Desktop
Project("{FAE04EC0-301F-11D3-BF4B-00C04F79EFBC}") = "AgemarkerCore", "AgemarkerCore\AgemarkerCore.csproj", "{21BD699C-6361-46FD-9FDF-449E75D7FF0F}"
EndProject
Global
	GlobalSection(SolutionConfigurationPlatforms) = preSolution
		Debug|Any CPU = Debug|Any CPU
		Release|Any CPU = Release|Any CPU
	EndGlobalSection
	GlobalSection(ProjectConfigurationPlatforms) = postSolution
		{21BD699C-6361-46FD-9FDF-449E75D7FF0F}.Debug|Any CPU.ActiveCfg = Release|Any CPU
		{21BD699C-6361-46FD-9FDF-449E75D7FF0F}.Debug|Any CPU.Build.0 = Release|Any CPU
		{21BD699C-6361-46FD-9FDF-449E75D7FF0F}.Release|Any CPU.ActiveCfg = Release|Any CPU
		{21BD699C-6361-46FD-9FDF-449E75D7FF0F}.Release|Any CPU.Build.0 = Release|Any CPU
	EndGlobalSection
	GlobalSection(SolutionProperties) = preSolution
		HideSolutionNode = FALSE
	EndGlobalSection
EndGlobal
